[[package]]
name = "apache-beam"
version = "2.27.0"
description = "Apache Beam SDK for Python"
category = "main"
optional = false
python-versions = ">=3.6"

[package.dependencies]
avro-python3 = ">=1.8.1,<1.9.2 || >1.9.2,<1.10.0"
crcmod = ">=1.7,<2.0"
dill = ">=0.3.1.1,<0.3.2"
fastavro = ">=0.21.4,<2"
future = ">=0.18.2,<1.0.0"
grpcio = ">=1.29.0,<2"
hdfs = ">=2.1.0,<3.0.0"
httplib2 = ">=0.8,<0.18.0"
mock = ">=1.0.1,<3.0.0"
numpy = ">=1.14.3,<2"
oauth2client = ">=2.0.1,<5"
protobuf = ">=3.12.2,<4"
pyarrow = ">=0.15.1,<3.0.0"
pydot = ">=1.2.0,<2"
pymongo = ">=3.8.0,<4.0.0"
python-dateutil = ">=2.8.0,<3"
pytz = ">=2018.3"
requests = ">=2.24.0,<3.0.0"
typing-extensions = ">=3.7.0,<3.8.0"

[package.extras]
aws = ["boto3 (>=1.9)"]
azure = ["azure-storage-blob (>=12.3.2)", "azure-core (>=1.7.0)"]
docs = ["Sphinx (>=1.5.2,<2.0)"]
gcp = ["cachetools (>=3.1.0,<5)", "google-apitools (>=0.5.31,<0.5.32)", "google-auth (>=1.18.0,<2)", "google-cloud-datastore (>=1.7.1,<2)", "google-cloud-pubsub (>=0.39.0,<2)", "google-cloud-bigquery (>=1.6.0,<2)", "google-cloud-core (>=0.28.1,<2)", "google-cloud-bigtable (>=0.31.1,<2)", "google-cloud-spanner (>=1.13.0,<2)", "grpcio-gcp (>=0.2.2,<1)", "google-cloud-dlp (>=0.12.0,<2)", "google-cloud-language (>=1.3.0,<2)", "google-cloud-videointelligence (>=1.8.0,<2)", "google-cloud-vision (>=0.38.0,<2)", "google-cloud-build (>=2.0.0,<3)"]
interactive = ["facets-overview (>=1.0.0,<2)", "ipython (>=5.8.0,<8)", "ipykernel (>=5.2.0,<6)", "timeloop (>=1.0.2,<2)"]
interactive_test = ["nbformat (>=5.0.5,<6)", "nbconvert (>=5.6.1,<6)", "jupyter-client (>=6.1.2,<7)", "selenium (>=3.141.0,<4)", "needle (>=0.5.0,<1)", "chromedriver-binary (>=87,<88)", "pillow (>=7.1.1,<8)"]
test = ["freezegun (>=0.3.12)", "nose (>=1.3.7)", "nose-xunitmp (>=0.4.1)", "pandas (>=1.0,<1.2.0)", "parameterized (>=0.7.1,<0.8.0)", "pyhamcrest (>=1.9,!=1.10.0,<2.0.0)", "pyyaml (>=3.12,<6.0.0)", "requests-mock (>=1.7,<2.0)", "tenacity (>=5.0.2,<6.0)", "pytest (>=4.4.0,<5.0)", "pytest-xdist (>=1.29.0,<2)", "pytest-timeout (>=1.3.3,<2)", "sqlalchemy (>=1.3,<2.0)", "psycopg2-binary (>=2.8.5,<3.0.0)", "testcontainers (>=3.0.3,<4.0.0)"]

[[package]]
name = "apache-flink"
version = "1.15.2"
description = "Apache Flink Python API"
category = "main"
optional = false
python-versions = ">=3.6"

[package.dependencies]
apache-beam = "2.27.0"
apache-flink-libraries = ">=1.15.2,<1.15.3"
avro-python3 = ">=1.8.1,<1.9.2 || >1.9.2,<1.10.0"
cloudpickle = "1.2.2"
fastavro = ">=0.21.4,<0.24"
numpy = ">=1.14.3,<1.20"
pandas = ">=1.0,<1.2.0"
pemja = {version = "0.1.4", markers = "python_full_version >= \"3.7\" and platform_system != \"Windows\""}
protobuf = "<3.18"
py4j = "0.10.9.3"
pyarrow = ">=0.15.1,<3.0.0"
python-dateutil = "2.8.0"
pytz = ">=2018.3"
requests = ">=2.26.0"

[[package]]
name = "apache-flink-libraries"
version = "1.15.2"
description = "Apache Flink Libraries"
category = "main"
optional = false
python-versions = ">=3.6"

[[package]]
name = "avro-python3"
version = "1.9.2.1"
description = "Avro is a serialization and RPC framework."
category = "main"
optional = false
python-versions = ">=3.5"

[package.extras]
snappy = ["python-snappy"]
zstandard = ["zstandard"]

[[package]]
name = "certifi"
version = "2022.9.24"
description = "Python package for providing Mozilla's CA Bundle."
category = "main"
optional = false
python-versions = ">=3.6"

[[package]]
name = "charset-normalizer"
version = "2.1.1"
description = "The Real First Universal Charset Detector. Open, modern and actively maintained alternative to Chardet."
category = "main"
optional = false
python-versions = ">=3.6.0"

[package.extras]
unicode_backport = ["unicodedata2"]

[[package]]
name = "cloudpickle"
version = "1.2.2"
description = "Extended pickling support for Python objects"
category = "main"
optional = false
python-versions = "*"

[[package]]
name = "crcmod"
version = "1.7"
description = "CRC Generator"
category = "main"
optional = false
python-versions = "*"

[[package]]
name = "dill"
version = "0.3.1.1"
description = "serialize all of python"
category = "main"
optional = false
python-versions = ">=2.6, !=3.0.*"

[package.extras]
graph = ["objgraph (>=1.7.2)"]

[[package]]
name = "docopt"
version = "0.6.2"
description = "Pythonic argument parser, that will make you smile"
category = "main"
optional = false
python-versions = "*"

[[package]]
name = "fastavro"
version = "0.23.6"
description = "Fast read/write of AVRO files"
category = "main"
optional = false
python-versions = "*"

[package.dependencies]
pytz = "*"

[package.extras]
codecs = ["python-snappy", "zstandard", "lz4", "backports.lzma"]
lz4 = ["lz4"]
snappy = ["python-snappy"]
xz = ["backports.lzma"]
zstandard = ["zstandard"]

[[package]]
name = "future"
version = "0.18.2"
description = "Clean single-source support for Python 3 and 2"
category = "main"
optional = false
python-versions = ">=2.6, !=3.0.*, !=3.1.*, !=3.2.*"

[[package]]
name = "grpcio"
version = "1.50.0"
description = "HTTP/2-based RPC framework"
category = "main"
optional = false
python-versions = ">=3.7"

[package.dependencies]
six = ">=1.5.2"

[package.extras]
protobuf = ["grpcio-tools (>=1.50.0)"]

[[package]]
name = "hdfs"
version = "2.7.0"
description = "HdfsCLI: API and command line interface for HDFS."
category = "main"
optional = false
python-versions = "*"

[package.dependencies]
docopt = "*"
requests = ">=2.7.0"
six = ">=1.9.0"

[package.extras]
avro = ["fastavro (>=0.21.19)"]
dataframe = ["fastavro (>=0.21.19)", "pandas (>=0.14.1)"]
kerberos = ["requests-kerberos (>=0.7.0)"]

[[package]]
name = "httplib2"
version = "0.17.4"
description = "A comprehensive HTTP client library."
category = "main"
optional = false
python-versions = "*"

[[package]]
name = "idna"
version = "3.4"
description = "Internationalized Domain Names in Applications (IDNA)"
category = "main"
optional = false
python-versions = ">=3.5"

[[package]]
name = "mock"
version = "2.0.0"
description = "Rolling backport of unittest.mock for all Pythons"
category = "main"
optional = false
python-versions = "*"

[package.dependencies]
pbr = ">=0.11"
six = ">=1.9"

[package.extras]
docs = ["sphinx", "Pygments (<2)", "jinja2 (<2.7)", "sphinx (<1.3)"]
test = ["unittest2 (>=1.1.0)"]

[[package]]
name = "numpy"
version = "1.19.5"
description = "NumPy is the fundamental package for array computing with Python."
category = "main"
optional = false
python-versions = ">=3.6"

[[package]]
name = "oauth2client"
version = "4.1.3"
description = "OAuth 2.0 client library"
category = "main"
optional = false
python-versions = "*"

[package.dependencies]
httplib2 = ">=0.9.1"
pyasn1 = ">=0.1.7"
pyasn1-modules = ">=0.0.5"
rsa = ">=3.1.4"
six = ">=1.6.1"

[[package]]
name = "pandas"
version = "1.1.5"
description = "Powerful data structures for data analysis, time series, and statistics"
category = "main"
optional = false
python-versions = ">=3.6.1"

[package.dependencies]
numpy = ">=1.15.4"
python-dateutil = ">=2.7.3"
pytz = ">=2017.2"

[package.extras]
test = ["pytest (>=4.0.2)", "pytest-xdist", "hypothesis (>=3.58)"]

[[package]]
name = "pbr"
version = "5.11.0"
description = "Python Build Reasonableness"
category = "main"
optional = false
python-versions = ">=2.6"

[[package]]
name = "pemja"
version = "0.1.4"
description = "PemJa"
category = "main"
optional = false
python-versions = ">=3.7"

[package.dependencies]
numpy = "1.19.5"

[[package]]
name = "protobuf"
version = "3.17.3"
description = "Protocol Buffers"
category = "main"
optional = false
python-versions = "*"

[package.dependencies]
six = ">=1.9"

[[package]]
name = "pulsar-client"
version = "2.10.2"
description = "Apache Pulsar Python client library"
category = "main"
optional = false
python-versions = "*"

[package.dependencies]
certifi = "*"
six = "*"

[package.extras]
all = ["apache-bookkeeper-client (>=4.9.2)", "fastavro (==0.24.0)", "grpcio (>=1.8.2,<1.28)", "prometheus-client", "protobuf (>=3.6.1,<=3.20)", "ratelimit"]
avro = ["fastavro (==0.24.0)"]
functions = ["apache-bookkeeper-client (>=4.9.2)", "grpcio (>=1.8.2,<1.28)", "prometheus-client", "protobuf (>=3.6.1,<=3.20)", "ratelimit"]

[[package]]
name = "py4j"
version = "0.10.9.3"
description = "Enables Python programs to dynamically access arbitrary Java objects"
category = "main"
optional = false
python-versions = "*"

[[package]]
name = "pyarrow"
version = "2.0.0"
description = "Python library for Apache Arrow"
category = "main"
optional = false
python-versions = ">=3.5"

[package.dependencies]
numpy = ">=1.14"

[[package]]
name = "pyasn1"
version = "0.4.8"
description = "ASN.1 types and codecs"
category = "main"
optional = false
python-versions = "*"

[[package]]
name = "pyasn1-modules"
version = "0.2.8"
description = "A collection of ASN.1-based protocols modules."
category = "main"
optional = false
python-versions = "*"

[package.dependencies]
pyasn1 = ">=0.4.6,<0.5.0"

[[package]]
name = "pydot"
version = "1.4.2"
description = "Python interface to Graphviz's Dot"
category = "main"
optional = false
python-versions = ">=2.7, !=3.0.*, !=3.1.*, !=3.2.*, !=3.3.*"

[package.dependencies]
pyparsing = ">=2.1.4"

[[package]]
name = "pymongo"
version = "3.13.0"
description = "Python driver for MongoDB <http://www.mongodb.org>"
category = "main"
optional = false
python-versions = "*"

[package.extras]
aws = ["pymongo-auth-aws (<2.0.0)"]
encryption = ["pymongocrypt (>=1.1.0,<2.0.0)"]
gssapi = ["pykerberos"]
ocsp = ["pyopenssl (>=17.2.0)", "requests (<3.0.0)", "service-identity (>=18.1.0)", "certifi"]
snappy = ["python-snappy"]
srv = ["dnspython (>=1.16.0,<1.17.0)"]
tls = ["ipaddress"]
zstd = ["zstandard"]

[[package]]
name = "pyparsing"
version = "3.0.9"
description = "pyparsing module - Classes and methods to define and execute parsing grammars"
category = "main"
optional = false
python-versions = ">=3.6.8"

[package.extras]
diagrams = ["railroad-diagrams", "jinja2"]

[[package]]
name = "python-dateutil"
version = "2.8.0"
description = "Extensions to the standard Python datetime module"
category = "main"
optional = false
python-versions = ">=2.7, !=3.0.*, !=3.1.*, !=3.2.*"

[package.dependencies]
six = ">=1.5"

[[package]]
name = "pytz"
version = "2022.6"
description = "World timezone definitions, modern and historical"
category = "main"
optional = false
python-versions = "*"

[[package]]
name = "requests"
version = "2.28.1"
description = "Python HTTP for Humans."
category = "main"
optional = false
python-versions = ">=3.7, <4"

[package.dependencies]
certifi = ">=2017.4.17"
charset-normalizer = ">=2,<3"
idna = ">=2.5,<4"
urllib3 = ">=1.21.1,<1.27"

[package.extras]
socks = ["PySocks (>=1.5.6,!=1.5.7)"]
use_chardet_on_py3 = ["chardet (>=3.0.2,<6)"]

[[package]]
name = "rsa"
version = "4.9"
description = "Pure-Python RSA implementation"
category = "main"
optional = false
python-versions = ">=3.6,<4"

[package.dependencies]
pyasn1 = ">=0.1.3"

[[package]]
name = "six"
version = "1.16.0"
description = "Python 2 and 3 compatibility utilities"
category = "main"
optional = false
python-versions = ">=2.7, !=3.0.*, !=3.1.*, !=3.2.*"

[[package]]
name = "typing-extensions"
version = "3.7.4.3"
description = "Backported and Experimental Type Hints for Python 3.5+"
category = "main"
optional = false
python-versions = "*"

[[package]]
name = "urllib3"
version = "1.26.12"
description = "HTTP library with thread-safe connection pooling, file post, and more."
category = "main"
optional = false
python-versions = ">=2.7, !=3.0.*, !=3.1.*, !=3.2.*, !=3.3.*, !=3.4.*, !=3.5.*, <4"

[package.extras]
brotli = ["brotlicffi (>=0.8.0)", "brotli (>=1.0.9)", "brotlipy (>=0.6.0)"]
secure = ["pyOpenSSL (>=0.14)", "cryptography (>=1.3.4)", "idna (>=2.0.0)", "certifi", "urllib3-secure-extra", "ipaddress"]
socks = ["PySocks (>=1.5.6,!=1.5.7,<2.0)"]

[metadata]
lock-version = "1.1"
python-versions = "^3.7"
content-hash = "a509f2d7a0fb6abf968a53831abc8dac74c550c3c758667b033788cb4728cee5"

[metadata.files]
apache-beam = []
apache-flink = []
apache-flink-libraries = []
avro-python3 = []
certifi = []
charset-normalizer = []
cloudpickle = []
crcmod = []
dill = []
docopt = []
fastavro = []
future = []
grpcio = []
hdfs = []
httplib2 = []
idna = []
mock = []
numpy = []
oauth2client = []
pandas = []
pbr = []
pemja = []
protobuf = []
pulsar-client = []
py4j = []
pyarrow = []
pyasn1 = []
pyasn1-modules = []
pydot = []
pymongo = []
pyparsing = []
python-dateutil = []
pytz = []
requests = []
rsa = []
six = []
typing-extensions = []
urllib3 = []
